
Microsoft Visual Studio Solution File, Format Version 12.00
# Visual Studio Version 16
VisualStudioVersion = 16.0.31624.102
MinimumVisualStudioVersion = 10.0.40219.1
Project("{9A19103F-16F7-4668-BE54-9A1E7A4F7556}") = "ApplicationUsers", "WebApplication\ApplicationUsers.csproj", "{CF0633E6-BB0F-40BE-A979-54EA0B3C9456}"
EndProject
Project("{9A19103F-16F7-4668-BE54-9A1E7A4F7556}") = "ApplicationAdmin", "ApplicationAdmin\ApplicationAdmin.csproj", "{E61F4736-9E70-4376-8E00-AFB535D9A396}"
EndProject
Project("{9A19103F-16F7-4668-BE54-9A1E7A4F7556}") = "Database", "Database\Database.csproj", "{1696857D-1308-440C-B511-ED10D9691ABA}"
EndProject
Project("{9A19103F-16F7-4668-BE54-9A1E7A4F7556}") = "BisnessLogic", "BisnessLogic\BisnessLogic.csproj", "{F04DBC2F-9338-4BEC-B452-B7B5ACF6E8C5}"
EndProject
Project("{9A19103F-16F7-4668-BE54-9A1E7A4F7556}") = "AppRegisterAdmin", "AppRegisterAdmin\AppRegisterAdmin.csproj", "{CA96AF20-15BE-4813-B04D-773FC42E072A}"
EndProject
Project("{FAE04EC0-301F-11D3-BF4B-00C04F79EFBC}") = "ApplicationEditor", "WebApplicationEditor\ApplicationEditor.csproj", "{CF46BC3E-3067-42D1-BA94-86F0EA28FC78}"
EndProject
Global
	GlobalSection(SolutionConfigurationPlatforms) = preSolution
		Debug|Any CPU = Debug|Any CPU
		Release|Any CPU = Release|Any CPU
	EndGlobalSection
	GlobalSection(ProjectConfigurationPlatforms) = postSolution
		{CF0633E6-BB0F-40BE-A979-54EA0B3C9456}.Debug|Any CPU.ActiveCfg = Debug|Any CPU
		{CF0633E6-BB0F-40BE-A979-54EA0B3C9456}.Debug|Any CPU.Build.0 = Debug|Any CPU
		{CF0633E6-BB0F-40BE-A979-54EA0B3C9456}.Release|Any CPU.ActiveCfg = Release|Any CPU
		{CF0633E6-BB0F-40BE-A979-54EA0B3C9456}.Release|Any CPU.Build.0 = Release|Any CPU
		{E61F4736-9E70-4376-8E00-AFB535D9A396}.Debug|Any CPU.ActiveCfg = Debug|Any CPU
		{E61F4736-9E70-4376-8E00-AFB535D9A396}.Debug|Any CPU.Build.0 = Debug|Any CPU
		{E61F4736-9E70-4376-8E00-AFB535D9A396}.Release|Any CPU.ActiveCfg = Release|Any CPU
		{E61F4736-9E70-4376-8E00-AFB535D9A396}.Release|Any CPU.Build.0 = Release|Any CPU
		{1696857D-1308-440C-B511-ED10D9691ABA}.Debug|Any CPU.ActiveCfg = Debug|Any CPU
		{1696857D-1308-440C-B511-ED10D9691ABA}.Debug|Any CPU.Build.0 = Debug|Any CPU
		{1696857D-1308-440C-B511-ED10D9691ABA}.Release|Any CPU.ActiveCfg = Release|Any CPU
		{1696857D-1308-440C-B511-ED10D9691ABA}.Release|Any CPU.Build.0 = Release|Any CPU
		{F04DBC2F-9338-4BEC-B452-B7B5ACF6E8C5}.Debug|Any CPU.ActiveCfg = Debug|Any CPU
		{F04DBC2F-9338-4BEC-B452-B7B5ACF6E8C5}.Debug|Any CPU.Build.0 = Debug|Any CPU
		{F04DBC2F-9338-4BEC-B452-B7B5ACF6E8C5}.Release|Any CPU.ActiveCfg = Release|Any CPU
		{F04DBC2F-9338-4BEC-B452-B7B5ACF6E8C5}.Release|Any CPU.Build.0 = Release|Any CPU
		{CA96AF20-15BE-4813-B04D-773FC42E072A}.Debug|Any CPU.ActiveCfg = Debug|Any CPU
		{CA96AF20-15BE-4813-B04D-773FC42E072A}.Debug|Any CPU.Build.0 = Debug|Any CPU
		{CA96AF20-15BE-4813-B04D-773FC42E072A}.Release|Any CPU.ActiveCfg = Release|Any CPU
		{CA96AF20-15BE-4813-B04D-773FC42E072A}.Release|Any CPU.Build.0 = Release|Any CPU
		{CF46BC3E-3067-42D1-BA94-86F0EA28FC78}.Debug|Any CPU.ActiveCfg = Debug|Any CPU
		{CF46BC3E-3067-42D1-BA94-86F0EA28FC78}.Debug|Any CPU.Build.0 = Debug|Any CPU
		{CF46BC3E-3067-42D1-BA94-86F0EA28FC78}.Release|Any CPU.ActiveCfg = Release|Any CPU
		{CF46BC3E-3067-42D1-BA94-86F0EA28FC78}.Release|Any CPU.Build.0 = Release|Any CPU
	EndGlobalSection
	GlobalSection(SolutionProperties) = preSolution
		HideSolutionNode = FALSE
	EndGlobalSection
	GlobalSection(ExtensibilityGlobals) = postSolution
		SolutionGuid = {AD77B7EE-D21B-4302-881C-6B08B77ED663}
	EndGlobalSection
EndGlobal
